// !$*UTF8*$!
{
	archiveVersion = 1;
	classes = {
	};
	objectVersion = 50;
	objects = {

/* Begin PBXBuildFile section */
		D7768260220221D400B2B6C7 /* AppDelegate.swift in Sources */ = {isa = PBXBuildFile; fileRef = D776825F220221D400B2B6C7 /* AppDelegate.swift */; };
		D7768262220221D400B2B6C7 /* ViewController.swift in Sources */ = {isa = PBXBuildFile; fileRef = D7768261220221D400B2B6C7 /* ViewController.swift */; };
		D7768265220221D400B2B6C7 /* Main.storyboard in Resources */ = {isa = PBXBuildFile; fileRef = D7768263220221D400B2B6C7 /* Main.storyboard */; };
		D7768267220221D700B2B6C7 /* Assets.xcassets in Resources */ = {isa = PBXBuildFile; fileRef = D7768266220221D700B2B6C7 /* Assets.xcassets */; };
		D776826A220221D700B2B6C7 /* LaunchScreen.storyboard in Resources */ = {isa = PBXBuildFile; fileRef = D7768268220221D700B2B6C7 /* LaunchScreen.storyboard */; };
		D776827222022DBD00B2B6C7 /* Coordinator.swift in Sources */ = {isa = PBXBuildFile; fileRef = D776827122022DBD00B2B6C7 /* Coordinator.swift */; };
		D77682742202309600B2B6C7 /* Storyboarded.swift in Sources */ = {isa = PBXBuildFile; fileRef = D77682732202309600B2B6C7 /* Storyboarded.swift */; };
		D77682762202331C00B2B6C7 /* MainCoordinator.swift in Sources */ = {isa = PBXBuildFile; fileRef = D77682752202331C00B2B6C7 /* MainCoordinator.swift */; };
		D7768278220234D600B2B6C7 /* VC_One.swift in Sources */ = {isa = PBXBuildFile; fileRef = D7768277220234D600B2B6C7 /* VC_One.swift */; };
		D776827A220234E400B2B6C7 /* VC_Two.swift in Sources */ = {isa = PBXBuildFile; fileRef = D7768279220234E400B2B6C7 /* VC_Two.swift */; };
/* End PBXBuildFile section */

/* Begin PBXFileReference section */
		D776825C220221D400B2B6C7 /* Coordinators.app */ = {isa = PBXFileReference; explicitFileType = wrapper.application; includeInIndex = 0; path = Coordinators.app; sourceTree = BUILT_PRODUCTS_DIR; };
		D776825F220221D400B2B6C7 /* AppDelegate.swift */ = {isa = PBXFileReference; lastKnownFileType = sourcecode.swift; path = AppDelegate.swift; sourceTree = "<group>"; };
		D7768261220221D400B2B6C7 /* ViewController.swift */ = {isa = PBXFileReference; lastKnownFileType = sourcecode.swift; path = ViewController.swift; sourceTree = "<group>"; };
		D7768264220221D400B2B6C7 /* Base */ = {isa = PBXFileReference; lastKnownFileType = file.storyboard; name = Base; path = Base.lproj/Main.storyboard; sourceTree = "<group>"; };
		D7768266220221D700B2B6C7 /* Assets.xcassets */ = {isa = PBXFileReference; lastKnownFileType = folder.assetcatalog; path = Assets.xcassets; sourceTree = "<group>"; };
		D7768269220221D700B2B6C7 /* Base */ = {isa = PBXFileReference; lastKnownFileType = file.storyboard; name = Base; path = Base.lproj/LaunchScreen.storyboard; sourceTree = "<group>"; };
		D776826B220221D700B2B6C7 /* Info.plist */ = {isa = PBXFileReference; lastKnownFileType = text.plist.xml; path = Info.plist; sourceTree = "<group>"; };
		D776827122022DBD00B2B6C7 /* Coordinator.swift */ = {isa = PBXFileReference; lastKnownFileType = sourcecode.swift; path = Coordinator.swift; sourceTree = "<group>"; };
		D77682732202309600B2B6C7 /* Storyboarded.swift */ = {isa = PBXFileReference; lastKnownFileType = sourcecode.swift; path = Storyboarded.swift; sourceTree = "<group>"; };
		D77682752202331C00B2B6C7 /* MainCoordinator.swift */ = {isa = PBXFileReference; lastKnownFileType = sourcecode.swift; path = MainCoordinator.swift; sourceTree = "<group>"; };
		D7768277220234D600B2B6C7 /* VC_One.swift */ = {isa = PBXFileReference; lastKnownFileType = sourcecode.swift; path = VC_One.swift; sourceTree = "<group>"; };
		D7768279220234E400B2B6C7 /* VC_Two.swift */ = {isa = PBXFileReference; lastKnownFileType = sourcecode.swift; path = VC_Two.swift; sourceTree = "<group>"; };
/* End PBXFileReference section */

/* Begin PBXFrameworksBuildPhase section */
		D7768259220221D400B2B6C7 /* Frameworks */ = {
			isa = PBXFrameworksBuildPhase;
			buildActionMask = 2147483647;
			files = (
			);
			runOnlyForDeploymentPostprocessing = 0;
		};
/* End PBXFrameworksBuildPhase section */

/* Begin PBXGroup section */
		5969737C241EA0680009ED14 /* Protocols */ = {
			isa = PBXGroup;
			children = (
				D776827122022DBD00B2B6C7 /* Coordinator.swift */,
			);
			path = Protocols;
			sourceTree = "<group>";
		};
		5969737D241EA0910009ED14 /* MainCoordinator */ = {
			isa = PBXGroup;
			children = (
				5969737C241EA0680009ED14 /* Protocols */,
				D77682752202331C00B2B6C7 /* MainCoordinator.swift */,
			);
			path = MainCoordinator;
			sourceTree = "<group>";
		};
		5969737E241EA0B10009ED14 /* Resources */ = {
			isa = PBXGroup;
			children = (
				D77682732202309600B2B6C7 /* Storyboarded.swift */,
				D7768263220221D400B2B6C7 /* Main.storyboard */,
				D7768266220221D700B2B6C7 /* Assets.xcassets */,
				D7768268220221D700B2B6C7 /* LaunchScreen.storyboard */,
			);
			path = Resources;
			sourceTree = "<group>";
		};
		5969737F241EA0CC0009ED14 /* Support */ = {
			isa = PBXGroup;
			children = (
				D776826B220221D700B2B6C7 /* Info.plist */,
			);
			path = Support;
			sourceTree = "<group>";
		};
		59697380241EA1040009ED14 /* ViewControllers */ = {
			isa = PBXGroup;
			children = (
				D7768261220221D400B2B6C7 /* ViewController.swift */,
				D7768277220234D600B2B6C7 /* VC_One.swift */,
				D7768279220234E400B2B6C7 /* VC_Two.swift */,
			);
			path = ViewControllers;
			sourceTree = "<group>";
		};
		D7768253220221D400B2B6C7 = {
			isa = PBXGroup;
			children = (
				D776825E220221D400B2B6C7 /* Coordinators */,
				D776825D220221D400B2B6C7 /* Products */,
			);
			sourceTree = "<group>";
		};
		D776825D220221D400B2B6C7 /* Products */ = {
			isa = PBXGroup;
			children = (
				D776825C220221D400B2B6C7 /* Coordinators.app */,
			);
			name = Products;
			sourceTree = "<group>";
		};
		D776825E220221D400B2B6C7 /* Coordinators */ = {
			isa = PBXGroup;
			children = (
				D776825F220221D400B2B6C7 /* AppDelegate.swift */,
				59697380241EA1040009ED14 /* ViewControllers */,
				5969737D241EA0910009ED14 /* MainCoordinator */,
				5969737E241EA0B10009ED14 /* Resources */,
				5969737F241EA0CC0009ED14 /* Support */,
			);
			path = Coordinators;
			sourceTree = "<group>";
		};
/* End PBXGroup section */

/* Begin PBXNativeTarget section */
		D776825B220221D400B2B6C7 /* Coordinators */ = {
			isa = PBXNativeTarget;
			buildConfigurationList = D776826E220221D700B2B6C7 /* Build configuration list for PBXNativeTarget "Coordinators" */;
			buildPhases = (
				D7768258220221D400B2B6C7 /* Sources */,
				D7768259220221D400B2B6C7 /* Frameworks */,
				D776825A220221D400B2B6C7 /* Resources */,
			);
			buildRules = (
			);
			dependencies = (
			);
			name = Coordinators;
			productName = Coordinators;
			productReference = D776825C220221D400B2B6C7 /* Coordinators.app */;
			productType = "com.apple.product-type.application";
		};
/* End PBXNativeTarget section */

/* Begin PBXProject section */
		D7768254220221D400B2B6C7 /* Project object */ = {
			isa = PBXProject;
			attributes = {
				LastSwiftUpdateCheck = 1010;
				LastUpgradeCheck = 1200;
				ORGANIZATIONNAME = "emiN Roblack";
				TargetAttributes = {
					D776825B220221D400B2B6C7 = {
						CreatedOnToolsVersion = 10.1;
						LastSwiftMigration = 1200;
					};
				};
			};
			buildConfigurationList = D7768257220221D400B2B6C7 /* Build configuration list for PBXProject "Coordinators" */;
			compatibilityVersion = "Xcode 9.3";
			developmentRegion = en;
			hasScannedForEncodings = 0;
			knownRegions = (
				en,
				Base,
			);
			mainGroup = D7768253220221D400B2B6C7;
			productRefGroup = D776825D220221D400B2B6C7 /* Products */;
			projectDirPath = "";
			projectRoot = "";
			targets = (
				D776825B220221D400B2B6C7 /* Coordinators */,
			);
		};
/* End PBXProject section */

/* Begin PBXResourcesBuildPhase section */
		D776825A220221D400B2B6C7 /* Resources */ = {
			isa = PBXResourcesBuildPhase;
			buildActionMask = 2147483647;
			files = (
				D776826A220221D700B2B6C7 /* LaunchScreen.storyboard in Resources */,
				D7768267220221D700B2B6C7 /* Assets.xcassets in Resources */,
				D7768265220221D400B2B6C7 /* Main.storyboard in Resources */,
			);
			runOnlyForDeploymentPostprocessing = 0;
		};
/* End PBXResourcesBuildPhase section */

/* Begin PBXSourcesBuildPhase section */
		D7768258220221D400B2B6C7 /* Sources */ = {
			isa = PBXSourcesBuildPhase;
			buildActionMask = 2147483647;
			files = (
				D776827A220234E400B2B6C7 /* VC_Two.swift in Sources */,
				D7768262220221D400B2B6C7 /* ViewController.swift in Sources */,
				D7768260220221D400B2B6C7 /* AppDelegate.swift in Sources */,
				D776827222022DBD00B2B6C7 /* Coordinator.swift in Sources */,
				D77682762202331C00B2B6C7 /* MainCoordinator.swift in Sources */,
				D7768278220234D600B2B6C7 /* VC_One.swift in Sources */,
				D77682742202309600B2B6C7 /* Storyboarded.swift in Sources */,
			);
			runOnlyForDeploymentPostprocessing = 0;
		};
/* End PBXSourcesBuildPhase section */

/* Begin PBXVariantGroup section */
		D7768263220221D400B2B6C7 /* Main.storyboard */ = {
			isa = PBXVariantGroup;
			children = (
				D7768264220221D400B2B6C7 /* Base */,
			);
			name = Main.storyboard;
			sourceTree = "<group>";
		};
		D7768268220221D700B2B6C7 /* LaunchScreen.storyboard */ = {
			isa = PBXVariantGroup;
			children = (
				D7768269220221D700B2B6C7 /* Base */,
			);
			name = LaunchScreen.storyboard;
			sourceTree = "<group>";
		};
/* End PBXVariantGroup section */

/* Begin XCBuildConfiguration section */
		D776826C220221D700B2B6C7 /* Debug */ = {
			isa = XCBuildConfiguration;
			buildSettings = {
				ALWAYS_SEARCH_USER_PATHS = NO;
				CLANG_ANALYZER_NONNULL = YES;
				CLANG_ANALYZER_NUMBER_OBJECT_CONVERSION = YES_AGGRESSIVE;
				CLANG_CXX_LANGUAGE_STANDARD = "gnu++14";
				CLANG_CXX_LIBRARY = "libc++";
				CLANG_ENABLE_MODULES = YES;
				CLANG_ENABLE_OBJC_ARC = YES;
				CLANG_ENABLE_OBJC_WEAK = YES;
				CLANG_WARN_BLOCK_CAPTURE_AUTORELEASING = YES;
				CLANG_WARN_BOOL_CONVERSION = YES;
				CLANG_WARN_COMMA = YES;
				CLANG_WARN_CONSTANT_CONVERSION = YES;
				CLANG_WARN_DEPRECATED_OBJC_IMPLEMENTATIONS = YES;
				CLANG_WARN_DIRECT_OBJC_ISA_USAGE = YES_ERROR;
				CLANG_WARN_DOCUMENTATION_COMMENTS = YES;
				CLANG_WARN_EMPTY_BODY = YES;
				CLANG_WARN_ENUM_CONVERSION = YES;
				CLANG_WARN_INFINITE_RECURSION = YES;
				CLANG_WARN_INT_CONVERSION = YES;
				CLANG_WARN_NON_LITERAL_NULL_CONVERSION = YES;
				CLANG_WARN_OBJC_IMPLICIT_RETAIN_SELF = YES;
				CLANG_WARN_OBJC_LITERAL_CONVERSION = YES;
				CLANG_WARN_OBJC_ROOT_CLASS = YES_ERROR;
				CLANG_WARN_QUOTED_INCLUDE_IN_FRAMEWORK_HEADER = YES;
				CLANG_WARN_RANGE_LOOP_ANALYSIS = YES;
				CLANG_WARN_STRICT_PROTOTYPES = YES;
				CLANG_WARN_SUSPICIOUS_MOVE = YES;
				CLANG_WARN_UNGUARDED_AVAILABILITY = YES_AGGRESSIVE;
				CLANG_WARN_UNREACHABLE_CODE = YES;
				CLANG_WARN__DUPLICATE_METHOD_MATCH = YES;
				CODE_SIGN_IDENTITY = "iPhone Developer";
				COPY_PHASE_STRIP = NO;
				DEBUG_INFORMATION_FORMAT = dwarf;
				ENABLE_STRICT_OBJC_MSGSEND = YES;
				ENABLE_TESTABILITY = YES;
				GCC_C_LANGUAGE_STANDARD = gnu11;
				GCC_DYNAMIC_NO_PIC = NO;
				GCC_NO_COMMON_BLOCKS = YES;
				GCC_OPTIMIZATION_LEVEL = 0;
				GCC_PREPROCESSOR_DEFINITIONS = (
					"DEBUG=1",
					"$(inherited)",
				);
				GCC_WARN_64_TO_32_BIT_CONVERSION = YES;
				GCC_WARN_ABOUT_RETURN_TYPE = YES_ERROR;
				GCC_WARN_UNDECLARED_SELECTOR = YES;
				GCC_WARN_UNINITIALIZED_AUTOS = YES_AGGRESSIVE;
				GCC_WARN_UNUSED_FUNCTION = YES;
				GCC_WARN_UNUSED_VARIABLE = YES;
				IPHONEOS_DEPLOYMENT_TARGET = 12.1;
				MTL_ENABLE_DEBUG_INFO = INCLUDE_SOURCE;
				MTL_FAST_MATH = YES;
				ONLY_ACTIVE_ARCH = YES;
				SDKROOT = iphoneos;
				SWIFT_ACTIVE_COMPILATION_CONDITIONS = DEBUG;
				SWIFT_OPTIMIZATION_LEVEL = "-Onone";
			};
			name = Debug;
		};
		D776826D220221D700B2B6C7 /* Release */ = {
			isa = XCBuildConfiguration;
			buildSettings = {
				ALWAYS_SEARCH_USER_PATHS = NO;
				CLANG_ANALYZER_NONNULL = YES;
				CLANG_ANALYZER_NUMBER_OBJECT_CONVERSION = YES_AGGRESSIVE;
				CLANG_CXX_LANGUAGE_STANDARD = "gnu++14";
				CLANG_CXX_LIBRARY = "libc++";
				CLANG_ENABLE_MODULES = YES;
				CLANG_ENABLE_OBJC_ARC = YES;
				CLANG_ENABLE_OBJC_WEAK = YES;
				CLANG_WARN_BLOCK_CAPTURE_AUTORELEASING = YES;
				CLANG_WARN_BOOL_CONVERSION = YES;
				CLANG_WARN_COMMA = YES;
				CLANG_WARN_CONSTANT_CONVERSION = YES;
				CLANG_WARN_DEPRECATED_OBJC_IMPLEMENTATIONS = YES;
				CLANG_WARN_DIRECT_OBJC_ISA_USAGE = YES_ERROR;
				CLANG_WARN_DOCUMENTATION_COMMENTS = YES;
				CLANG_WARN_EMPTY_BODY = YES;
				CLANG_WARN_ENUM_CONVERSION = YES;
				CLANG_WARN_INFINITE_RECURSION = YES;
				CLANG_WARN_INT_CONVERSION = YES;
				CLANG_WARN_NON_LITERAL_NULL_CONVERSION = YES;
				CLANG_WARN_OBJC_IMPLICIT_RETAIN_SELF = YES;
				CLANG_WARN_OBJC_LITERAL_CONVERSION = YES;
				CLANG_WARN_OBJC_ROOT_CLASS = YES_ERROR;
				CLANG_WARN_QUOTED_INCLUDE_IN_FRAMEWORK_HEADER = YES;
				CLANG_WARN_RANGE_LOOP_ANALYSIS = YES;
				CLANG_WARN_STRICT_PROTOTYPES = YES;
				CLANG_WARN_SUSPICIOUS_MOVE = YES;
				CLANG_WARN_UNGUARDED_AVAILABILITY = YES_AGGRESSIVE;
				CLANG_WARN_UNREACHABLE_CODE = YES;
				CLANG_WARN__DUPLICATE_METHOD_MATCH = YES;
				CODE_SIGN_IDENTITY = "iPhone Developer";
				COPY_PHASE_STRIP = NO;
				DEBUG_INFORMATION_FORMAT = "dwarf-with-dsym";
				ENABLE_NS_ASSERTIONS = NO;
				ENABLE_STRICT_OBJC_MSGSEND = YES;
				GCC_C_LANGUAGE_STANDARD = gnu11;
				GCC_NO_COMMON_BLOCKS = YES;
				GCC_WARN_64_TO_32_BIT_CONVERSION = YES;
				GCC_WARN_ABOUT_RETURN_TYPE = YES_ERROR;
				GCC_WARN_UNDECLARED_SELECTOR = YES;
				GCC_WARN_UNINITIALIZED_AUTOS = YES_AGGRESSIVE;
				GCC_WARN_UNUSED_FUNCTION = YES;
				GCC_WARN_UNUSED_VARIABLE = YES;
				IPHONEOS_DEPLOYMENT_TARGET = 12.1;
				MTL_ENABLE_DEBUG_INFO = NO;
				MTL_FAST_MATH = YES;
				SDKROOT = iphoneos;
				SWIFT_COMPILATION_MODE = wholemodule;
				SWIFT_OPTIMIZATION_LEVEL = "-O";
				VALIDATE_PRODUCT = YES;
			};
			name = Release;
		};
		D776826F220221D700B2B6C7 /* Debug */ = {
			isa = XCBuildConfiguration;
			buildSettings = {
				ASSETCATALOG_COMPILER_APPICON_NAME = AppIcon;
				CODE_SIGN_STYLE = Automatic;
				DEVELOPMENT_TEAM = ZQCK5WLKEQ;
				INFOPLIST_FILE = Coordinators/Support/Info.plist;
				LD_RUNPATH_SEARCH_PATHS = (
					"$(inherited)",
					"@executable_path/Frameworks",
				);
				PRODUCT_BUNDLE_IDENTIFIER = com.webbo.Coordinators;
				PRODUCT_NAME = "$(TARGET_NAME)";
				SWIFT_VERSION = 5.0;
				TARGETED_DEVICE_FAMILY = "1,2";
			};
			name = Debug;
		};
		D7768270220221D700B2B6C7 /* Release */ = {
			isa = XCBuildConfiguration;
			buildSettings = {
				ASSETCATALOG_COMPILER_APPICON_NAME = AppIcon;
				CODE_SIGN_STYLE = Automatic;
				DEVELOPMENT_TEAM = ZQCK5WLKEQ;
				INFOPLIST_FILE = Coordinators/Support/Info.plist;
				LD_RUNPATH_SEARCH_PATHS = (
					"$(inherited)",
					"@executable_path/Frameworks",
				);
				PRODUCT_BUNDLE_IDENTIFIER = com.webbo.Coordinators;
				PRODUCT_NAME = "$(TARGET_NAME)";
				SWIFT_VERSION = 5.0;
				TARGETED_DEVICE_FAMILY = "1,2";
			};
			name = Release;
		};
/* End XCBuildConfiguration section */

/* Begin XCConfigurationList section */
		D7768257220221D400B2B6C7 /* Build configuration list for PBXProject "Coordinators" */ = {
			isa = XCConfigurationList;
			buildConfigurations = (
				D776826C220221D700B2B6C7 /* Debug */,
				D776826D220221D700B2B6C7 /* Release */,
			);
			defaultConfigurationIsVisible = 0;
			defaultConfigurationName = Release;
		};
		D776826E220221D700B2B6C7 /* Build configuration list for PBXNativeTarget "Coordinators" */ = {
			isa = XCConfigurationList;
			buildConfigurations = (
				D776826F220221D700B2B6C7 /* Debug */,
				D7768270220221D700B2B6C7 /* Release */,
			);
			defaultConfigurationIsVisible = 0;
			defaultConfigurationName = Release;
		};
/* End XCConfigurationList section */
	};
	rootObject = D7768254220221D400B2B6C7 /* Project object */;
}
